{
  "nodes": {
    "nix-darwin": {
      "inputs": {
        "nixpkgs": [
          "nixpkgs"
        ]
      },
      "locked": {
        "lastModified": 1720599442,
        "narHash": "sha256-jdm+sKVbBXoyrxcHbVaV0htlpq2iFR+eJw3Xe/DPcDo=",
        "owner": "LnL7",
        "repo": "nix-darwin",
        "rev": "cf297a8d248db6a455b60133f6c0029c04ebe50e",
        "type": "github"
      },
      "original": {
        "owner": "LnL7",
        "repo": "nix-darwin",
        "type": "github"
      }
    },
    "nixpkgs": {
      "locked": {
        "lastModified": 1720571246,
        "narHash": "sha256-nkUXwunTck+hNMt2wZuYRN+jf2ySRjKTzI0fo5TDH78=",
        "owner": "NixOS",
        "repo": "nixpkgs",
        "rev": "16e401f01842c5bb2499e78c1fe227f939c0c474",
        "type": "github"
      },
      "original": {
        "owner": "NixOS",
        "ref": "nixpkgs-unstable",
        "repo": "nixpkgs",
        "type": "github"
      }
    },
    "root": {
      "inputs": {
        "nix-darwin": "nix-darwin",
        "nixpkgs": "nixpkgs"
      }
    }
  },
  "root": "root",
  "version": 7
}
